ocl_version: '0'
objects_digest: dba08b172e8698ff932aa130a8ae1c206e094ef794b2d6779f4d83f47eb217af
targets:
  cline_memory_bank:contextvc.md:
    path: C:\All\works\penta-course\.cline\memory-bank\contextvc.md
    content_digest: 7f91066dbab2d73ffb8a423c048a60305cc90fdc914c17671844c246f2134464
    object_ids:
    - m-11d99ef3
    - m-dd09e43e
    - m-dbf0eba3
    - m-ea51117e
    - m-da7d5b32
    - m-afc50931
    - m-c45af65b
    - m-a38a95dc
    - m-b9cddd9c
    - m-46e4d41f
    - m-efdc16fb
    - m-0eb839f1
    - m-716b76e9
    - m-3d71644d
    - m-8c3486e3
  cursor_mdc:ctx-package.json.mdc:
    path: C:\All\works\penta-course\.cursor\rules\ctx-package.json.mdc
    content_digest: d056cc71bacb59f1b292a81ce6b8fed468185feff32b5f5cf759b2d614c5bb71
    object_ids:
    - m-dd09e43e
  claude_md:CLAUDE.md:
    path: C:\All\works\penta-course\CLAUDE.md
    content_digest: a5f7a74d5bb879b491a12a95666fa09d4a51133388a6843df4e0ce7dd06055ed
    object_ids: []
  copilot_instructions:copilot-instructions.md:
    path: C:\All\works\penta-course\.github\copilot-instructions.md
    content_digest: 3efad3ac5eee32192d22c5a1bf4c54b9f7cdfd42efbdc4526d2e4cdf25b90e0e
    object_ids: []
  cursor_mdc:ctx-src-components-student-LearningWorkspace.jsx.mdc:
    path: C:\All\works\penta-course\.cursor\rules\ctx-src-components-student-LearningWorkspace.jsx.mdc
    content_digest: 79cdcac6f40c75358079ba1afa45993c9532ea89aee84b7a1f42c0bc74c66a00
    object_ids:
    - m-46e4d41f
  cursor_mdc:ctx-src-index.css.mdc:
    path: C:\All\works\penta-course\.cursor\rules\ctx-src-index.css.mdc
    content_digest: fb4e21e1be832b866c5b592a2700695ff8d3c3d899da6a0b8068556bd67adf09
    object_ids:
    - m-0eb839f1
  cursor_mdc:ctx-src-components-marketing-SkillsGraph.jsx.mdc:
    path: C:\All\works\penta-course\.cursor\rules\ctx-src-components-marketing-SkillsGraph.jsx.mdc
    content_digest: bd0199362e0ee750c3e3ffdd7b7497c50b2fd0d0926702a723968f54d0a15475
    object_ids:
    - m-c45af65b
  gemini_md:GEMINI.md:
    path: C:\All\works\penta-course\GEMINI.md
    content_digest: 6b3b6331db55ac497ca46bc3271f6c0addb2a683c4f4ddc62697aa8f3d40994d
    object_ids: []
  cursor_mdc:ctx-src-components-Hero.jsx.mdc:
    path: C:\All\works\penta-course\.cursor\rules\ctx-src-components-Hero.jsx.mdc
    content_digest: 129a7bee459aaec08ee10670a9777a5bf02a48b1de1e36925f6984b1436ad429
    object_ids:
    - m-afc50931
  agents_md:AGENTS.md:
    path: C:\All\works\penta-course\AGENTS.md
    content_digest: 126db1ee25b7d704a2c1cb758213f1cfe9a7ad202fb7466c7864358b3b1cdceb
    object_ids: []
  cursor_mdc:ctx-src-pages-AdminDashboard.jsx.mdc:
    path: C:\All\works\penta-course\.cursor\rules\ctx-src-pages-AdminDashboard.jsx.mdc
    content_digest: af3e350c2ab9bc3fcb8adc03c9d3c46c9b8fa05a3f42f7ea348d0dff0fc633dc
    object_ids:
    - m-716b76e9
  cursor_mdc:ctx-README.md.mdc:
    path: C:\All\works\penta-course\.cursor\rules\ctx-README.md.mdc
    content_digest: a247c65669fd30b6a23e16bc23197461eb3a2066fe353d4755237e71f9917dfa
    object_ids:
    - m-11d99ef3
  cursor_mdc:ctx-src-pages-CourseOverview.jsx.mdc:
    path: C:\All\works\penta-course\.cursor\rules\ctx-src-pages-CourseOverview.jsx.mdc
    content_digest: 3ce96d00d845f50a44cfe6177000085ca503c432cb184c0baa1484831fa90da8
    object_ids:
    - m-8c3486e3
  cursor_mdc:ctx-src-App.jsx.mdc:
    path: C:\All\works\penta-course\.cursor\rules\ctx-src-App.jsx.mdc
    content_digest: e9f5f4b9c8e1bb469d4dec45d3ed446457be287c6646dde5f04e3954bfb37717
    object_ids:
    - m-ea51117e
  cursor_mdc:ctx-prisma-schema.prisma.mdc:
    path: C:\All\works\penta-course\.cursor\rules\ctx-prisma-schema.prisma.mdc
    content_digest: 96ee733450fc9531205fab6c2f1ae32cf77bc7b3d241f21789de1219a2968791
    object_ids:
    - m-dbf0eba3
  cursor_mdc:ctx-src-pages-Auth.jsx.mdc:
    path: C:\All\works\penta-course\.cursor\rules\ctx-src-pages-Auth.jsx.mdc
    content_digest: 51d579caf9e3a791c2a93f50b95aa2d7366887c237a8fa66642ed5648b7d1393
    object_ids:
    - m-3d71644d
  cursor_mdc:ctx-src-components-marketing-SocialProof.jsx.mdc:
    path: C:\All\works\penta-course\.cursor\rules\ctx-src-components-marketing-SocialProof.jsx.mdc
    content_digest: 2a9bd008cbe309ca708c05b87f4b6ef3fac60cc25dd16778d4083812e5d9373a
    object_ids:
    - m-a38a95dc
  cursor_mdc:ctx-src-components-payment-BkashPaymentModal.jsx.mdc:
    path: C:\All\works\penta-course\.cursor\rules\ctx-src-components-payment-BkashPaymentModal.jsx.mdc
    content_digest: 01dfeacbd135ab16ca89f76677b66631a74ee1dbf98f2824e4dc9d0454bad930
    object_ids:
    - m-b9cddd9c
  cursor_mdc:ctx-src-components-CourseGrid.jsx.mdc:
    path: C:\All\works\penta-course\.cursor\rules\ctx-src-components-CourseGrid.jsx.mdc
    content_digest: 764c4ecf463c449cf6fd7374e78c67d3c83cae7468e696cb37fb33f1361e32ea
    object_ids:
    - m-da7d5b32
  cursor_mdc:ctx-src-context-AuthContext.jsx.mdc:
    path: C:\All\works\penta-course\.cursor\rules\ctx-src-context-AuthContext.jsx.mdc
    content_digest: fe626e0f3acb213583c59314caa545a1a4e5a9e171b337bc6d9228184da3c69b
    object_ids:
    - m-efdc16fb
